
Microsoft Visual Studio Solution File, Format Version 12.00
# Visual Studio 15
VisualStudioVersion = 15.0.28307.779
MinimumVisualStudioVersion = 10.0.40219.1
Project("{FAE04EC0-301F-11D3-BF4B-00C04F79EFBC}") = "Smallest Of Three Numbers", "F exercise 2.7.2020\Smallest Of Three Numbers.csproj", "{F50B43D4-A39E-4D05-8857-77BB1C2FDF16}"
EndProject
Project("{FAE04EC0-301F-11D3-BF4B-00C04F79EFBC}") = "Vowels Count", "Vowels Cound\Vowels Count.csproj", "{AA29E32F-B60A-4168-8741-B6F2F54EA4C3}"
EndProject
Project("{FAE04EC0-301F-11D3-BF4B-00C04F79EFBC}") = "Characters in Range", "Characters in Range\Characters in Range.csproj", "{3C3761FE-C7E6-4B7E-AFB5-5ED1CCE907F8}"
EndProject
Project("{FAE04EC0-301F-11D3-BF4B-00C04F79EFBC}") = "Password Validator", "Password Validator\Password Validator.csproj", "{C15A2A45-C44A-4262-9C41-3AC43784597D}"
EndProject
Project("{FAE04EC0-301F-11D3-BF4B-00C04F79EFBC}") = "Add and Sumbtract", "Add and Sumbtract\Add and Sumbtract.csproj", "{9282AB5C-1F79-492B-891C-1B86571AFC5E}"
EndProject
Project("{FAE04EC0-301F-11D3-BF4B-00C04F79EFBC}") = "Middle Characters", "Middle Characters\Middle Characters.csproj", "{6846F587-C41F-4558-89A8-5362E8A598ED}"
EndProject
Project("{FAE04EC0-301F-11D3-BF4B-00C04F79EFBC}") = "Factorial Division", "Factorial Division\Factorial Division.csproj", "{ACC79FD2-12BB-4290-BE9A-A10DCC2A4683}"
EndProject
Project("{FAE04EC0-301F-11D3-BF4B-00C04F79EFBC}") = "Palindrome Integer", "Palindrome Integer\Palindrome Integer.csproj", "{71FF00E2-8BAE-4E61-AE90-8FD8115261E9}"
EndProject
Project("{FAE04EC0-301F-11D3-BF4B-00C04F79EFBC}") = "NxN Matrix", "NxN Matrix\NxN Matrix.csproj", "{108732B1-DC91-429A-A6DF-3F6003373E3B}"
EndProject
Project("{FAE04EC0-301F-11D3-BF4B-00C04F79EFBC}") = "Top Number", "Top Number\Top Number.csproj", "{A2FAFC7C-3A48-4D25-B032-4A9706A15A2F}"
EndProject
Project("{FAE04EC0-301F-11D3-BF4B-00C04F79EFBC}") = "Array Manipulator", "Array Manipulator\Array Manipulator.csproj", "{78D4F169-65F9-4D21-BE0C-347C9C2C4C7E}"
EndProject
Project("{FAE04EC0-301F-11D3-BF4B-00C04F79EFBC}") = "Array Manipulator Answer", "Array Manipulator Answer\Array Manipulator Answer.csproj", "{233468A3-CA34-4F11-B93F-F9FD6C9A187A}"
EndProject
Global
	GlobalSection(SolutionConfigurationPlatforms) = preSolution
		Debug|Any CPU = Debug|Any CPU
		Release|Any CPU = Release|Any CPU
	EndGlobalSection
	GlobalSection(ProjectConfigurationPlatforms) = postSolution
		{F50B43D4-A39E-4D05-8857-77BB1C2FDF16}.Debug|Any CPU.ActiveCfg = Debug|Any CPU
		{F50B43D4-A39E-4D05-8857-77BB1C2FDF16}.Debug|Any CPU.Build.0 = Debug|Any CPU
		{F50B43D4-A39E-4D05-8857-77BB1C2FDF16}.Release|Any CPU.ActiveCfg = Release|Any CPU
		{F50B43D4-A39E-4D05-8857-77BB1C2FDF16}.Release|Any CPU.Build.0 = Release|Any CPU
		{AA29E32F-B60A-4168-8741-B6F2F54EA4C3}.Debug|Any CPU.ActiveCfg = Debug|Any CPU
		{AA29E32F-B60A-4168-8741-B6F2F54EA4C3}.Debug|Any CPU.Build.0 = Debug|Any CPU
		{AA29E32F-B60A-4168-8741-B6F2F54EA4C3}.Release|Any CPU.ActiveCfg = Release|Any CPU
		{AA29E32F-B60A-4168-8741-B6F2F54EA4C3}.Release|Any CPU.Build.0 = Release|Any CPU
		{3C3761FE-C7E6-4B7E-AFB5-5ED1CCE907F8}.Debug|Any CPU.ActiveCfg = Debug|Any CPU
		{3C3761FE-C7E6-4B7E-AFB5-5ED1CCE907F8}.Debug|Any CPU.Build.0 = Debug|Any CPU
		{3C3761FE-C7E6-4B7E-AFB5-5ED1CCE907F8}.Release|Any CPU.ActiveCfg = Release|Any CPU
		{3C3761FE-C7E6-4B7E-AFB5-5ED1CCE907F8}.Release|Any CPU.Build.0 = Release|Any CPU
		{C15A2A45-C44A-4262-9C41-3AC43784597D}.Debug|Any CPU.ActiveCfg = Debug|Any CPU
		{C15A2A45-C44A-4262-9C41-3AC43784597D}.Debug|Any CPU.Build.0 = Debug|Any CPU
		{C15A2A45-C44A-4262-9C41-3AC43784597D}.Release|Any CPU.ActiveCfg = Release|Any CPU
		{C15A2A45-C44A-4262-9C41-3AC43784597D}.Release|Any CPU.Build.0 = Release|Any CPU
		{9282AB5C-1F79-492B-891C-1B86571AFC5E}.Debug|Any CPU.ActiveCfg = Debug|Any CPU
		{9282AB5C-1F79-492B-891C-1B86571AFC5E}.Debug|Any CPU.Build.0 = Debug|Any CPU
		{9282AB5C-1F79-492B-891C-1B86571AFC5E}.Release|Any CPU.ActiveCfg = Release|Any CPU
		{9282AB5C-1F79-492B-891C-1B86571AFC5E}.Release|Any CPU.Build.0 = Release|Any CPU
		{6846F587-C41F-4558-89A8-5362E8A598ED}.Debug|Any CPU.ActiveCfg = Debug|Any CPU
		{6846F587-C41F-4558-89A8-5362E8A598ED}.Debug|Any CPU.Build.0 = Debug|Any CPU
		{6846F587-C41F-4558-89A8-5362E8A598ED}.Release|Any CPU.ActiveCfg = Release|Any CPU
		{6846F587-C41F-4558-89A8-5362E8A598ED}.Release|Any CPU.Build.0 = Release|Any CPU
		{ACC79FD2-12BB-4290-BE9A-A10DCC2A4683}.Debug|Any CPU.ActiveCfg = Debug|Any CPU
		{ACC79FD2-12BB-4290-BE9A-A10DCC2A4683}.Debug|Any CPU.Build.0 = Debug|Any CPU
		{ACC79FD2-12BB-4290-BE9A-A10DCC2A4683}.Release|Any CPU.ActiveCfg = Release|Any CPU
		{ACC79FD2-12BB-4290-BE9A-A10DCC2A4683}.Release|Any CPU.Build.0 = Release|Any CPU
		{71FF00E2-8BAE-4E61-AE90-8FD8115261E9}.Debug|Any CPU.ActiveCfg = Debug|Any CPU
		{71FF00E2-8BAE-4E61-AE90-8FD8115261E9}.Debug|Any CPU.Build.0 = Debug|Any CPU
		{71FF00E2-8BAE-4E61-AE90-8FD8115261E9}.Release|Any CPU.ActiveCfg = Release|Any CPU
		{71FF00E2-8BAE-4E61-AE90-8FD8115261E9}.Release|Any CPU.Build.0 = Release|Any CPU
		{108732B1-DC91-429A-A6DF-3F6003373E3B}.Debug|Any CPU.ActiveCfg = Debug|Any CPU
		{108732B1-DC91-429A-A6DF-3F6003373E3B}.Debug|Any CPU.Build.0 = Debug|Any CPU
		{108732B1-DC91-429A-A6DF-3F6003373E3B}.Release|Any CPU.ActiveCfg = Release|Any CPU
		{108732B1-DC91-429A-A6DF-3F6003373E3B}.Release|Any CPU.Build.0 = Release|Any CPU
		{A2FAFC7C-3A48-4D25-B032-4A9706A15A2F}.Debug|Any CPU.ActiveCfg = Debug|Any CPU
		{A2FAFC7C-3A48-4D25-B032-4A9706A15A2F}.Debug|Any CPU.Build.0 = Debug|Any CPU
		{A2FAFC7C-3A48-4D25-B032-4A9706A15A2F}.Release|Any CPU.ActiveCfg = Release|Any CPU
		{A2FAFC7C-3A48-4D25-B032-4A9706A15A2F}.Release|Any CPU.Build.0 = Release|Any CPU
		{78D4F169-65F9-4D21-BE0C-347C9C2C4C7E}.Debug|Any CPU.ActiveCfg = Debug|Any CPU
		{78D4F169-65F9-4D21-BE0C-347C9C2C4C7E}.Debug|Any CPU.Build.0 = Debug|Any CPU
		{78D4F169-65F9-4D21-BE0C-347C9C2C4C7E}.Release|Any CPU.ActiveCfg = Release|Any CPU
		{78D4F169-65F9-4D21-BE0C-347C9C2C4C7E}.Release|Any CPU.Build.0 = Release|Any CPU
		{233468A3-CA34-4F11-B93F-F9FD6C9A187A}.Debug|Any CPU.ActiveCfg = Debug|Any CPU
		{233468A3-CA34-4F11-B93F-F9FD6C9A187A}.Debug|Any CPU.Build.0 = Debug|Any CPU
		{233468A3-CA34-4F11-B93F-F9FD6C9A187A}.Release|Any CPU.ActiveCfg = Release|Any CPU
		{233468A3-CA34-4F11-B93F-F9FD6C9A187A}.Release|Any CPU.Build.0 = Release|Any CPU
	EndGlobalSection
	GlobalSection(SolutionProperties) = preSolution
		HideSolutionNode = FALSE
	EndGlobalSection
	GlobalSection(ExtensibilityGlobals) = postSolution
		SolutionGuid = {D33C8FC5-4500-41E8-830F-9C482D19FDD3}
	EndGlobalSection
EndGlobal
