
Microsoft Visual Studio Solution File, Format Version 12.00
# Visual Studio Version 16
VisualStudioVersion = 16.0.30114.105
MinimumVisualStudioVersion = 10.0.40219.1
Project("{FAE04EC0-301F-11D3-BF4B-00C04F79EFBC}") = "Recursion", "BasicAlgorithms\Recursion.csproj", "{6A010AD4-7FD4-4D9A-81CF-B9577F174CBC}"
EndProject
Project("{FAE04EC0-301F-11D3-BF4B-00C04F79EFBC}") = "Е03SumOfCoins", "Е03SumОfCoins\Е03SumOfCoins.csproj", "{CDC905A1-6011-4689-9987-E2AF58F134F4}"
EndProject
Project("{FAE04EC0-301F-11D3-BF4B-00C04F79EFBC}") = "SumOfCouns", "SumOfCouns\SumOfCouns.csproj", "{5872D09C-6673-4DD0-B616-2E702856A0B8}"
EndProject
Global
	GlobalSection(SolutionConfigurationPlatforms) = preSolution
		Debug|Any CPU = Debug|Any CPU
		Release|Any CPU = Release|Any CPU
	EndGlobalSection
	GlobalSection(ProjectConfigurationPlatforms) = postSolution
		{6A010AD4-7FD4-4D9A-81CF-B9577F174CBC}.Debug|Any CPU.ActiveCfg = Debug|Any CPU
		{6A010AD4-7FD4-4D9A-81CF-B9577F174CBC}.Debug|Any CPU.Build.0 = Debug|Any CPU
		{6A010AD4-7FD4-4D9A-81CF-B9577F174CBC}.Release|Any CPU.ActiveCfg = Release|Any CPU
		{6A010AD4-7FD4-4D9A-81CF-B9577F174CBC}.Release|Any CPU.Build.0 = Release|Any CPU
		{CDC905A1-6011-4689-9987-E2AF58F134F4}.Debug|Any CPU.ActiveCfg = Debug|Any CPU
		{CDC905A1-6011-4689-9987-E2AF58F134F4}.Debug|Any CPU.Build.0 = Debug|Any CPU
		{CDC905A1-6011-4689-9987-E2AF58F134F4}.Release|Any CPU.ActiveCfg = Release|Any CPU
		{CDC905A1-6011-4689-9987-E2AF58F134F4}.Release|Any CPU.Build.0 = Release|Any CPU
		{5872D09C-6673-4DD0-B616-2E702856A0B8}.Debug|Any CPU.ActiveCfg = Debug|Any CPU
		{5872D09C-6673-4DD0-B616-2E702856A0B8}.Debug|Any CPU.Build.0 = Debug|Any CPU
		{5872D09C-6673-4DD0-B616-2E702856A0B8}.Release|Any CPU.ActiveCfg = Release|Any CPU
		{5872D09C-6673-4DD0-B616-2E702856A0B8}.Release|Any CPU.Build.0 = Release|Any CPU
	EndGlobalSection
	GlobalSection(SolutionProperties) = preSolution
		HideSolutionNode = FALSE
	EndGlobalSection
	GlobalSection(ExtensibilityGlobals) = postSolution
		SolutionGuid = {8121F71D-B062-4E3A-8F53-5D507472AE70}
	EndGlobalSection
EndGlobal
