
Microsoft Visual Studio Solution File, Format Version 12.00
# Visual Studio Version 16
VisualStudioVersion = 16.0.29806.167
MinimumVisualStudioVersion = 10.0.40219.1
Project("{FAE04EC0-301F-11D3-BF4B-00C04F79EFBC}") = "Activation Keys", "F Exam 4.4.2020\Activation Keys.csproj", "{FCAFD572-5265-4DA7-96F5-212E597BD7B2}"
EndProject
Project("{FAE04EC0-301F-11D3-BF4B-00C04F79EFBC}") = "Emoji Detector", "Emoji Detector\Emoji Detector.csproj", "{54D6BEF3-1A84-49BD-8DFB-9E60EA6769A9}"
EndProject
Project("{FAE04EC0-301F-11D3-BF4B-00C04F79EFBC}") = "P!rates", "P!rates\P!rates.csproj", "{AF94DB3B-A757-48C4-978B-F70DF1A7B3A6}"
EndProject
Global
	GlobalSection(SolutionConfigurationPlatforms) = preSolution
		Debug|Any CPU = Debug|Any CPU
		Release|Any CPU = Release|Any CPU
	EndGlobalSection
	GlobalSection(ProjectConfigurationPlatforms) = postSolution
		{FCAFD572-5265-4DA7-96F5-212E597BD7B2}.Debug|Any CPU.ActiveCfg = Debug|Any CPU
		{FCAFD572-5265-4DA7-96F5-212E597BD7B2}.Debug|Any CPU.Build.0 = Debug|Any CPU
		{FCAFD572-5265-4DA7-96F5-212E597BD7B2}.Release|Any CPU.ActiveCfg = Release|Any CPU
		{FCAFD572-5265-4DA7-96F5-212E597BD7B2}.Release|Any CPU.Build.0 = Release|Any CPU
		{54D6BEF3-1A84-49BD-8DFB-9E60EA6769A9}.Debug|Any CPU.ActiveCfg = Debug|Any CPU
		{54D6BEF3-1A84-49BD-8DFB-9E60EA6769A9}.Debug|Any CPU.Build.0 = Debug|Any CPU
		{54D6BEF3-1A84-49BD-8DFB-9E60EA6769A9}.Release|Any CPU.ActiveCfg = Release|Any CPU
		{54D6BEF3-1A84-49BD-8DFB-9E60EA6769A9}.Release|Any CPU.Build.0 = Release|Any CPU
		{AF94DB3B-A757-48C4-978B-F70DF1A7B3A6}.Debug|Any CPU.ActiveCfg = Debug|Any CPU
		{AF94DB3B-A757-48C4-978B-F70DF1A7B3A6}.Debug|Any CPU.Build.0 = Debug|Any CPU
		{AF94DB3B-A757-48C4-978B-F70DF1A7B3A6}.Release|Any CPU.ActiveCfg = Release|Any CPU
		{AF94DB3B-A757-48C4-978B-F70DF1A7B3A6}.Release|Any CPU.Build.0 = Release|Any CPU
	EndGlobalSection
	GlobalSection(SolutionProperties) = preSolution
		HideSolutionNode = FALSE
	EndGlobalSection
	GlobalSection(ExtensibilityGlobals) = postSolution
		SolutionGuid = {2A4D0B97-820D-45C4-9654-17F3C8B550C1}
	EndGlobalSection
EndGlobal
