
Microsoft Visual Studio Solution File, Format Version 12.00
# Visual Studio 15
VisualStudioVersion = 15.0.28307.779
MinimumVisualStudioVersion = 10.0.40219.1
Project("{FAE04EC0-301F-11D3-BF4B-00C04F79EFBC}") = "examPrerp", "examPrerp\examPrerp.csproj", "{3ABDEBE5-F8B5-4F33-9736-CE7DCF666329}"
EndProject
Global
	GlobalSection(SolutionConfigurationPlatforms) = preSolution
		Debug|Any CPU = Debug|Any CPU
		Release|Any CPU = Release|Any CPU
	EndGlobalSection
	GlobalSection(ProjectConfigurationPlatforms) = postSolution
		{3ABDEBE5-F8B5-4F33-9736-CE7DCF666329}.Debug|Any CPU.ActiveCfg = Debug|Any CPU
		{3ABDEBE5-F8B5-4F33-9736-CE7DCF666329}.Debug|Any CPU.Build.0 = Debug|Any CPU
		{3ABDEBE5-F8B5-4F33-9736-CE7DCF666329}.Release|Any CPU.ActiveCfg = Release|Any CPU
		{3ABDEBE5-F8B5-4F33-9736-CE7DCF666329}.Release|Any CPU.Build.0 = Release|Any CPU
	EndGlobalSection
	GlobalSection(SolutionProperties) = preSolution
		HideSolutionNode = FALSE
	EndGlobalSection
	GlobalSection(ExtensibilityGlobals) = postSolution
		SolutionGuid = {070E9186-B5E4-4EF7-BFD4-45AE40537C78}
	EndGlobalSection
EndGlobal
